
Microsoft Visual Studio Solution File, Format Version 12.00
# Visual Studio Version 16
VisualStudioVersion = 16.0.31729.503
MinimumVisualStudioVersion = 10.0.40219.1
Project("{E24C65DC-7377-472B-9ABA-BC803B73C61A}") = "Pempeo", "..\", "{676D904A-C51A-4D74-A172-41AB6978A27B}"
	ProjectSection(WebsiteProperties) = preProject
		TargetFrameworkMoniker = ".NETFramework,Version%3Dv4.0"
		Debug.AspNetCompiler.VirtualPath = "/localhost_65231"
		Debug.AspNetCompiler.PhysicalPath = "..\..\..\Desktop\Pempeo\"
		Debug.AspNetCompiler.TargetPath = "PrecompiledWeb\localhost_65231\"
		Debug.AspNetCompiler.Updateable = "true"
		Debug.AspNetCompiler.ForceOverwrite = "true"
		Debug.AspNetCompiler.FixedNames = "false"
		Debug.AspNetCompiler.Debug = "True"
		Release.AspNetCompiler.VirtualPath = "/localhost_65231"
		Release.AspNetCompiler.PhysicalPath = "..\..\..\Desktop\Pempeo\"
		Release.AspNetCompiler.TargetPath = "PrecompiledWeb\localhost_65231\"
		Release.AspNetCompiler.Updateable = "true"
		Release.AspNetCompiler.ForceOverwrite = "true"
		Release.AspNetCompiler.FixedNames = "false"
		Release.AspNetCompiler.Debug = "False"
		VWDPort = "65231"
	EndProjectSection
EndProject
Global
	GlobalSection(SolutionConfigurationPlatforms) = preSolution
		Debug|Any CPU = Debug|Any CPU
	EndGlobalSection
	GlobalSection(ProjectConfigurationPlatforms) = postSolution
		{676D904A-C51A-4D74-A172-41AB6978A27B}.Debug|Any CPU.ActiveCfg = Debug|Any CPU
		{676D904A-C51A-4D74-A172-41AB6978A27B}.Debug|Any CPU.Build.0 = Debug|Any CPU
	EndGlobalSection
	GlobalSection(SolutionProperties) = preSolution
		HideSolutionNode = FALSE
	EndGlobalSection
	GlobalSection(ExtensibilityGlobals) = postSolution
		SolutionGuid = {D3F3D714-DD9B-4D90-A704-45573430AA01}
	EndGlobalSection
EndGlobal
